// !$*UTF8*$!
{
	archiveVersion = 1;
	classes = {
	};
	objectVersion = 56;
	objects = {

/* Begin PBXBuildFile section */
		B510C0072B01FBEB001DB2CF /* ParkCSUSMApp.swift in Sources */ = {isa = PBXBuildFile; fileRef = B510C0062B01FBEB001DB2CF /* ParkCSUSMApp.swift */; };
		B510C0092B01FBEB001DB2CF /* ContentView.swift in Sources */ = {isa = PBXBuildFile; fileRef = B510C0082B01FBEB001DB2CF /* ContentView.swift */; };
		B510C00B2B01FBEC001DB2CF /* Assets.xcassets in Resources */ = {isa = PBXBuildFile; fileRef = B510C00A2B01FBEC001DB2CF /* Assets.xcassets */; };
		B510C00E2B01FBEC001DB2CF /* Preview Assets.xcassets in Resources */ = {isa = PBXBuildFile; fileRef = B510C00D2B01FBEC001DB2CF /* Preview Assets.xcassets */; };
		B510C0172B01FE36001DB2CF /* StreetsOnCloud.swift in Sources */ = {isa = PBXBuildFile; fileRef = B510C0162B01FE36001DB2CF /* StreetsOnCloud.swift */; };
		B510C0192B01FF99001DB2CF /* StreetsOnCloudRequestBuilder.swift in Sources */ = {isa = PBXBuildFile; fileRef = B510C0182B01FF99001DB2CF /* StreetsOnCloudRequestBuilder.swift */; };
		B510C01B2B0204ED001DB2CF /* LotOverview.swift in Sources */ = {isa = PBXBuildFile; fileRef = B510C01A2B0204ED001DB2CF /* LotOverview.swift */; };
		B5A8A8352B02949A008D3BA3 /* HTTPMethod.swift in Sources */ = {isa = PBXBuildFile; fileRef = B5A8A8342B02949A008D3BA3 /* HTTPMethod.swift */; };
		B5A8A8372B0294AD008D3BA3 /* StreetsOnCloudEndpoint.swift in Sources */ = {isa = PBXBuildFile; fileRef = B5A8A8362B0294AD008D3BA3 /* StreetsOnCloudEndpoint.swift */; };
		B5A8A83B2B029513008D3BA3 /* LotOverviewResponse.swift in Sources */ = {isa = PBXBuildFile; fileRef = B5A8A83A2B029513008D3BA3 /* LotOverviewResponse.swift */; };
		B5A8A83E2B029567008D3BA3 /* LotOverviewView.swift in Sources */ = {isa = PBXBuildFile; fileRef = B5A8A83D2B029567008D3BA3 /* LotOverviewView.swift */; };
		B5A8A8402B0298ED008D3BA3 /* AltLotOverview.swift in Sources */ = {isa = PBXBuildFile; fileRef = B5A8A83F2B0298ED008D3BA3 /* AltLotOverview.swift */; };
		B5A8A8422B02BAF0008D3BA3 /* README.md in Resources */ = {isa = PBXBuildFile; fileRef = B5A8A8412B02BAF0008D3BA3 /* README.md */; };
/* End PBXBuildFile section */

/* Begin PBXFileReference section */
		B510C0032B01FBEB001DB2CF /* ParkCSUSM.app */ = {isa = PBXFileReference; explicitFileType = wrapper.application; includeInIndex = 0; path = ParkCSUSM.app; sourceTree = BUILT_PRODUCTS_DIR; };
		B510C0062B01FBEB001DB2CF /* ParkCSUSMApp.swift */ = {isa = PBXFileReference; lastKnownFileType = sourcecode.swift; path = ParkCSUSMApp.swift; sourceTree = "<group>"; };
		B510C0082B01FBEB001DB2CF /* ContentView.swift */ = {isa = PBXFileReference; lastKnownFileType = sourcecode.swift; path = ContentView.swift; sourceTree = "<group>"; };
		B510C00A2B01FBEC001DB2CF /* Assets.xcassets */ = {isa = PBXFileReference; lastKnownFileType = folder.assetcatalog; path = Assets.xcassets; sourceTree = "<group>"; };
		B510C00D2B01FBEC001DB2CF /* Preview Assets.xcassets */ = {isa = PBXFileReference; lastKnownFileType = folder.assetcatalog; path = "Preview Assets.xcassets"; sourceTree = "<group>"; };
		B510C0142B01FCA6001DB2CF /* Secrets.xcconfig */ = {isa = PBXFileReference; lastKnownFileType = text.xcconfig; path = Secrets.xcconfig; sourceTree = "<group>"; };
		B510C0152B01FDBE001DB2CF /* Info.plist */ = {isa = PBXFileReference; lastKnownFileType = text.plist; path = Info.plist; sourceTree = "<group>"; };
		B510C0162B01FE36001DB2CF /* StreetsOnCloud.swift */ = {isa = PBXFileReference; lastKnownFileType = sourcecode.swift; path = StreetsOnCloud.swift; sourceTree = "<group>"; };
		B510C0182B01FF99001DB2CF /* StreetsOnCloudRequestBuilder.swift */ = {isa = PBXFileReference; lastKnownFileType = sourcecode.swift; path = StreetsOnCloudRequestBuilder.swift; sourceTree = "<group>"; };
		B510C01A2B0204ED001DB2CF /* LotOverview.swift */ = {isa = PBXFileReference; lastKnownFileType = sourcecode.swift; path = LotOverview.swift; sourceTree = "<group>"; };
		B5A8A8342B02949A008D3BA3 /* HTTPMethod.swift */ = {isa = PBXFileReference; lastKnownFileType = sourcecode.swift; path = HTTPMethod.swift; sourceTree = "<group>"; };
		B5A8A8362B0294AD008D3BA3 /* StreetsOnCloudEndpoint.swift */ = {isa = PBXFileReference; lastKnownFileType = sourcecode.swift; path = StreetsOnCloudEndpoint.swift; sourceTree = "<group>"; };
		B5A8A83A2B029513008D3BA3 /* LotOverviewResponse.swift */ = {isa = PBXFileReference; lastKnownFileType = sourcecode.swift; path = LotOverviewResponse.swift; sourceTree = "<group>"; };
		B5A8A83D2B029567008D3BA3 /* LotOverviewView.swift */ = {isa = PBXFileReference; lastKnownFileType = sourcecode.swift; path = LotOverviewView.swift; sourceTree = "<group>"; };
		B5A8A83F2B0298ED008D3BA3 /* AltLotOverview.swift */ = {isa = PBXFileReference; lastKnownFileType = sourcecode.swift; path = AltLotOverview.swift; sourceTree = "<group>"; };
		B5A8A8412B02BAF0008D3BA3 /* README.md */ = {isa = PBXFileReference; fileEncoding = 4; lastKnownFileType = net.daringfireball.markdown; path = README.md; sourceTree = "<group>"; };
/* End PBXFileReference section */

/* Begin PBXFrameworksBuildPhase section */
		B510C0002B01FBEB001DB2CF /* Frameworks */ = {
			isa = PBXFrameworksBuildPhase;
			buildActionMask = 2147483647;
			files = (
			);
			runOnlyForDeploymentPostprocessing = 0;
		};
/* End PBXFrameworksBuildPhase section */

/* Begin PBXGroup section */
		B510BFFA2B01FBEB001DB2CF = {
			isa = PBXGroup;
			children = (
				B5A8A8412B02BAF0008D3BA3 /* README.md */,
				B510C0052B01FBEB001DB2CF /* ParkCSUSM */,
				B510C0042B01FBEB001DB2CF /* Products */,
			);
			sourceTree = "<group>";
		};
		B510C0042B01FBEB001DB2CF /* Products */ = {
			isa = PBXGroup;
			children = (
				B510C0032B01FBEB001DB2CF /* ParkCSUSM.app */,
			);
			name = Products;
			sourceTree = "<group>";
		};
		B510C0052B01FBEB001DB2CF /* ParkCSUSM */ = {
			isa = PBXGroup;
			children = (
				B510C0152B01FDBE001DB2CF /* Info.plist */,
				B510C0062B01FBEB001DB2CF /* ParkCSUSMApp.swift */,
				B510C0142B01FCA6001DB2CF /* Secrets.xcconfig */,
				B510C0082B01FBEB001DB2CF /* ContentView.swift */,
				B5A8A83C2B029556008D3BA3 /* Views */,
				B5A8A8332B029486008D3BA3 /* StreetsOnCloud */,
				B5A8A8382B0294CF008D3BA3 /* Data Models */,
				B510C00A2B01FBEC001DB2CF /* Assets.xcassets */,
				B510C00C2B01FBEC001DB2CF /* Preview Content */,
			);
			path = ParkCSUSM;
			sourceTree = "<group>";
		};
		B510C00C2B01FBEC001DB2CF /* Preview Content */ = {
			isa = PBXGroup;
			children = (
				B510C00D2B01FBEC001DB2CF /* Preview Assets.xcassets */,
			);
			path = "Preview Content";
			sourceTree = "<group>";
		};
		B5A8A8332B029486008D3BA3 /* StreetsOnCloud */ = {
			isa = PBXGroup;
			children = (
				B510C0162B01FE36001DB2CF /* StreetsOnCloud.swift */,
				B510C0182B01FF99001DB2CF /* StreetsOnCloudRequestBuilder.swift */,
				B5A8A8362B0294AD008D3BA3 /* StreetsOnCloudEndpoint.swift */,
				B5A8A8342B02949A008D3BA3 /* HTTPMethod.swift */,
			);
			path = StreetsOnCloud;
			sourceTree = "<group>";
		};
		B5A8A8382B0294CF008D3BA3 /* Data Models */ = {
			isa = PBXGroup;
			children = (
				B5A8A8392B0294DD008D3BA3 /* Response Models */,
				B510C01A2B0204ED001DB2CF /* LotOverview.swift */,
			);
			path = "Data Models";
			sourceTree = "<group>";
		};
		B5A8A8392B0294DD008D3BA3 /* Response Models */ = {
			isa = PBXGroup;
			children = (
				B5A8A83A2B029513008D3BA3 /* LotOverviewResponse.swift */,
			);
			path = "Response Models";
			sourceTree = "<group>";
		};
		B5A8A83C2B029556008D3BA3 /* Views */ = {
			isa = PBXGroup;
			children = (
				B5A8A83D2B029567008D3BA3 /* LotOverviewView.swift */,
				B5A8A83F2B0298ED008D3BA3 /* AltLotOverview.swift */,
			);
			path = Views;
			sourceTree = "<group>";
		};
/* End PBXGroup section */

/* Begin PBXNativeTarget section */
		B510C0022B01FBEB001DB2CF /* ParkCSUSM */ = {
			isa = PBXNativeTarget;
			buildConfigurationList = B510C0112B01FBEC001DB2CF /* Build configuration list for PBXNativeTarget "ParkCSUSM" */;
			buildPhases = (
				B510BFFF2B01FBEB001DB2CF /* Sources */,
				B510C0002B01FBEB001DB2CF /* Frameworks */,
				B510C0012B01FBEB001DB2CF /* Resources */,
			);
			buildRules = (
			);
			dependencies = (
			);
			name = ParkCSUSM;
			productName = ParkCSUSM;
			productReference = B510C0032B01FBEB001DB2CF /* ParkCSUSM.app */;
			productType = "com.apple.product-type.application";
		};
/* End PBXNativeTarget section */

/* Begin PBXProject section */
		B510BFFB2B01FBEB001DB2CF /* Project object */ = {
			isa = PBXProject;
			attributes = {
				BuildIndependentTargetsInParallel = 1;
				LastSwiftUpdateCheck = 1500;
				LastUpgradeCheck = 1500;
				TargetAttributes = {
					B510C0022B01FBEB001DB2CF = {
						CreatedOnToolsVersion = 15.0.1;
					};
				};
			};
			buildConfigurationList = B510BFFE2B01FBEB001DB2CF /* Build configuration list for PBXProject "ParkCSUSM" */;
			compatibilityVersion = "Xcode 14.0";
			developmentRegion = en;
			hasScannedForEncodings = 0;
			knownRegions = (
				en,
				Base,
			);
			mainGroup = B510BFFA2B01FBEB001DB2CF;
			productRefGroup = B510C0042B01FBEB001DB2CF /* Products */;
			projectDirPath = "";
			projectRoot = "";
			targets = (
				B510C0022B01FBEB001DB2CF /* ParkCSUSM */,
			);
		};
/* End PBXProject section */

/* Begin PBXResourcesBuildPhase section */
		B510C0012B01FBEB001DB2CF /* Resources */ = {
			isa = PBXResourcesBuildPhase;
			buildActionMask = 2147483647;
			files = (
				B5A8A8422B02BAF0008D3BA3 /* README.md in Resources */,
				B510C00E2B01FBEC001DB2CF /* Preview Assets.xcassets in Resources */,
				B510C00B2B01FBEC001DB2CF /* Assets.xcassets in Resources */,
			);
			runOnlyForDeploymentPostprocessing = 0;
		};
/* End PBXResourcesBuildPhase section */

/* Begin PBXSourcesBuildPhase section */
		B510BFFF2B01FBEB001DB2CF /* Sources */ = {
			isa = PBXSourcesBuildPhase;
			buildActionMask = 2147483647;
			files = (
				B510C01B2B0204ED001DB2CF /* LotOverview.swift in Sources */,
				B5A8A83B2B029513008D3BA3 /* LotOverviewResponse.swift in Sources */,
				B510C0192B01FF99001DB2CF /* StreetsOnCloudRequestBuilder.swift in Sources */,
				B5A8A8352B02949A008D3BA3 /* HTTPMethod.swift in Sources */,
				B510C0092B01FBEB001DB2CF /* ContentView.swift in Sources */,
				B5A8A8402B0298ED008D3BA3 /* AltLotOverview.swift in Sources */,
				B510C0172B01FE36001DB2CF /* StreetsOnCloud.swift in Sources */,
				B5A8A83E2B029567008D3BA3 /* LotOverviewView.swift in Sources */,
				B5A8A8372B0294AD008D3BA3 /* StreetsOnCloudEndpoint.swift in Sources */,
				B510C0072B01FBEB001DB2CF /* ParkCSUSMApp.swift in Sources */,
			);
			runOnlyForDeploymentPostprocessing = 0;
		};
/* End PBXSourcesBuildPhase section */

/* Begin XCBuildConfiguration section */
		B510C00F2B01FBEC001DB2CF /* Debug */ = {
			isa = XCBuildConfiguration;
			baseConfigurationReference = B510C0142B01FCA6001DB2CF /* Secrets.xcconfig */;
			buildSettings = {
				ALWAYS_SEARCH_USER_PATHS = NO;
				ASSETCATALOG_COMPILER_GENERATE_SWIFT_ASSET_SYMBOL_EXTENSIONS = YES;
				CLANG_ANALYZER_NONNULL = YES;
				CLANG_ANALYZER_NUMBER_OBJECT_CONVERSION = YES_AGGRESSIVE;
				CLANG_CXX_LANGUAGE_STANDARD = "gnu++20";
				CLANG_ENABLE_MODULES = YES;
				CLANG_ENABLE_OBJC_ARC = YES;
				CLANG_ENABLE_OBJC_WEAK = YES;
				CLANG_WARN_BLOCK_CAPTURE_AUTORELEASING = YES;
				CLANG_WARN_BOOL_CONVERSION = YES;
				CLANG_WARN_COMMA = YES;
				CLANG_WARN_CONSTANT_CONVERSION = YES;
				CLANG_WARN_DEPRECATED_OBJC_IMPLEMENTATIONS = YES;
				CLANG_WARN_DIRECT_OBJC_ISA_USAGE = YES_ERROR;
				CLANG_WARN_DOCUMENTATION_COMMENTS = YES;
				CLANG_WARN_EMPTY_BODY = YES;
				CLANG_WARN_ENUM_CONVERSION = YES;
				CLANG_WARN_INFINITE_RECURSION = YES;
				CLANG_WARN_INT_CONVERSION = YES;
				CLANG_WARN_NON_LITERAL_NULL_CONVERSION = YES;
				CLANG_WARN_OBJC_IMPLICIT_RETAIN_SELF = YES;
				CLANG_WARN_OBJC_LITERAL_CONVERSION = YES;
				CLANG_WARN_OBJC_ROOT_CLASS = YES_ERROR;
				CLANG_WARN_QUOTED_INCLUDE_IN_FRAMEWORK_HEADER = YES;
				CLANG_WARN_RANGE_LOOP_ANALYSIS = YES;
				CLANG_WARN_STRICT_PROTOTYPES = YES;
				CLANG_WARN_SUSPICIOUS_MOVE = YES;
				CLANG_WARN_UNGUARDED_AVAILABILITY = YES_AGGRESSIVE;
				CLANG_WARN_UNREACHABLE_CODE = YES;
				CLANG_WARN__DUPLICATE_METHOD_MATCH = YES;
				COPY_PHASE_STRIP = NO;
				DEBUG_INFORMATION_FORMAT = dwarf;
				ENABLE_STRICT_OBJC_MSGSEND = YES;
				ENABLE_TESTABILITY = YES;
				ENABLE_USER_SCRIPT_SANDBOXING = YES;
				GCC_C_LANGUAGE_STANDARD = gnu17;
				GCC_DYNAMIC_NO_PIC = NO;
				GCC_NO_COMMON_BLOCKS = YES;
				GCC_OPTIMIZATION_LEVEL = 0;
				GCC_PREPROCESSOR_DEFINITIONS = (
					"DEBUG=1",
					"$(inherited)",
				);
				GCC_WARN_64_TO_32_BIT_CONVERSION = YES;
				GCC_WARN_ABOUT_RETURN_TYPE = YES_ERROR;
				GCC_WARN_UNDECLARED_SELECTOR = YES;
				GCC_WARN_UNINITIALIZED_AUTOS = YES_AGGRESSIVE;
				GCC_WARN_UNUSED_FUNCTION = YES;
				GCC_WARN_UNUSED_VARIABLE = YES;
				IPHONEOS_DEPLOYMENT_TARGET = 17.0;
				LOCALIZATION_PREFERS_STRING_CATALOGS = YES;
				MTL_ENABLE_DEBUG_INFO = INCLUDE_SOURCE;
				MTL_FAST_MATH = YES;
				ONLY_ACTIVE_ARCH = YES;
				SDKROOT = iphoneos;
				SWIFT_ACTIVE_COMPILATION_CONDITIONS = "DEBUG $(inherited)";
				SWIFT_OPTIMIZATION_LEVEL = "-Onone";
			};
			name = Debug;
		};
		B510C0102B01FBEC001DB2CF /* Release */ = {
			isa = XCBuildConfiguration;
			baseConfigurationReference = B510C0142B01FCA6001DB2CF /* Secrets.xcconfig */;
			buildSettings = {
				ALWAYS_SEARCH_USER_PATHS = NO;
				ASSETCATALOG_COMPILER_GENERATE_SWIFT_ASSET_SYMBOL_EXTENSIONS = YES;
				CLANG_ANALYZER_NONNULL = YES;
				CLANG_ANALYZER_NUMBER_OBJECT_CONVERSION = YES_AGGRESSIVE;
				CLANG_CXX_LANGUAGE_STANDARD = "gnu++20";
				CLANG_ENABLE_MODULES = YES;
				CLANG_ENABLE_OBJC_ARC = YES;
				CLANG_ENABLE_OBJC_WEAK = YES;
				CLANG_WARN_BLOCK_CAPTURE_AUTORELEASING = YES;
				CLANG_WARN_BOOL_CONVERSION = YES;
				CLANG_WARN_COMMA = YES;
				CLANG_WARN_CONSTANT_CONVERSION = YES;
				CLANG_WARN_DEPRECATED_OBJC_IMPLEMENTATIONS = YES;
				CLANG_WARN_DIRECT_OBJC_ISA_USAGE = YES_ERROR;
				CLANG_WARN_DOCUMENTATION_COMMENTS = YES;
				CLANG_WARN_EMPTY_BODY = YES;
				CLANG_WARN_ENUM_CONVERSION = YES;
				CLANG_WARN_INFINITE_RECURSION = YES;
				CLANG_WARN_INT_CONVERSION = YES;
				CLANG_WARN_NON_LITERAL_NULL_CONVERSION = YES;
				CLANG_WARN_OBJC_IMPLICIT_RETAIN_SELF = YES;
				CLANG_WARN_OBJC_LITERAL_CONVERSION = YES;
				CLANG_WARN_OBJC_ROOT_CLASS = YES_ERROR;
				CLANG_WARN_QUOTED_INCLUDE_IN_FRAMEWORK_HEADER = YES;
				CLANG_WARN_RANGE_LOOP_ANALYSIS = YES;
				CLANG_WARN_STRICT_PROTOTYPES = YES;
				CLANG_WARN_SUSPICIOUS_MOVE = YES;
				CLANG_WARN_UNGUARDED_AVAILABILITY = YES_AGGRESSIVE;
				CLANG_WARN_UNREACHABLE_CODE = YES;
				CLANG_WARN__DUPLICATE_METHOD_MATCH = YES;
				COPY_PHASE_STRIP = NO;
				DEBUG_INFORMATION_FORMAT = "dwarf-with-dsym";
				ENABLE_NS_ASSERTIONS = NO;
				ENABLE_STRICT_OBJC_MSGSEND = YES;
				ENABLE_USER_SCRIPT_SANDBOXING = YES;
				GCC_C_LANGUAGE_STANDARD = gnu17;
				GCC_NO_COMMON_BLOCKS = YES;
				GCC_WARN_64_TO_32_BIT_CONVERSION = YES;
				GCC_WARN_ABOUT_RETURN_TYPE = YES_ERROR;
				GCC_WARN_UNDECLARED_SELECTOR = YES;
				GCC_WARN_UNINITIALIZED_AUTOS = YES_AGGRESSIVE;
				GCC_WARN_UNUSED_FUNCTION = YES;
				GCC_WARN_UNUSED_VARIABLE = YES;
				IPHONEOS_DEPLOYMENT_TARGET = 17.0;
				LOCALIZATION_PREFERS_STRING_CATALOGS = YES;
				MTL_ENABLE_DEBUG_INFO = NO;
				MTL_FAST_MATH = YES;
				SDKROOT = iphoneos;
				SWIFT_COMPILATION_MODE = wholemodule;
				VALIDATE_PRODUCT = YES;
			};
			name = Release;
		};
		B510C0122B01FBEC001DB2CF /* Debug */ = {
			isa = XCBuildConfiguration;
			buildSettings = {
				ASSETCATALOG_COMPILER_APPICON_NAME = AppIcon;
				ASSETCATALOG_COMPILER_GLOBAL_ACCENT_COLOR_NAME = AccentColor;
				CODE_SIGN_STYLE = Automatic;
				CURRENT_PROJECT_VERSION = 1;
				DEVELOPMENT_ASSET_PATHS = "\"ParkCSUSM/Preview Content\"";
				DEVELOPMENT_TEAM = DD8G3E28HN;
				ENABLE_PREVIEWS = YES;
				GENERATE_INFOPLIST_FILE = YES;
				INFOPLIST_FILE = ParkCSUSM/Info.plist;
				INFOPLIST_KEY_UIApplicationSceneManifest_Generation = YES;
				INFOPLIST_KEY_UIApplicationSupportsIndirectInputEvents = YES;
				INFOPLIST_KEY_UILaunchScreen_Generation = YES;
				INFOPLIST_KEY_UISupportedInterfaceOrientations_iPad = "UIInterfaceOrientationPortrait UIInterfaceOrientationPortraitUpsideDown UIInterfaceOrientationLandscapeLeft UIInterfaceOrientationLandscapeRight";
				INFOPLIST_KEY_UISupportedInterfaceOrientations_iPhone = "UIInterfaceOrientationPortrait UIInterfaceOrientationLandscapeLeft UIInterfaceOrientationLandscapeRight";
				LD_RUNPATH_SEARCH_PATHS = (
					"$(inherited)",
					"@executable_path/Frameworks",
				);
				MARKETING_VERSION = 1.0;
				PRODUCT_BUNDLE_IDENTIFIER = com.salmanburhan.ParkCSUSM;
				PRODUCT_NAME = "$(TARGET_NAME)";
				SWIFT_EMIT_LOC_STRINGS = YES;
				SWIFT_VERSION = 5.0;
				TARGETED_DEVICE_FAMILY = "1,2";
			};
			name = Debug;
		};
		B510C0132B01FBEC001DB2CF /* Release */ = {
			isa = XCBuildConfiguration;
			buildSettings = {
				ASSETCATALOG_COMPILER_APPICON_NAME = AppIcon;
				ASSETCATALOG_COMPILER_GLOBAL_ACCENT_COLOR_NAME = AccentColor;
				CODE_SIGN_STYLE = Automatic;
				CURRENT_PROJECT_VERSION = 1;
				DEVELOPMENT_ASSET_PATHS = "\"ParkCSUSM/Preview Content\"";
				DEVELOPMENT_TEAM = DD8G3E28HN;
				ENABLE_PREVIEWS = YES;
				GENERATE_INFOPLIST_FILE = YES;
				INFOPLIST_FILE = ParkCSUSM/Info.plist;
				INFOPLIST_KEY_UIApplicationSceneManifest_Generation = YES;
				INFOPLIST_KEY_UIApplicationSupportsIndirectInputEvents = YES;
				INFOPLIST_KEY_UILaunchScreen_Generation = YES;
				INFOPLIST_KEY_UISupportedInterfaceOrientations_iPad = "UIInterfaceOrientationPortrait UIInterfaceOrientationPortraitUpsideDown UIInterfaceOrientationLandscapeLeft UIInterfaceOrientationLandscapeRight";
				INFOPLIST_KEY_UISupportedInterfaceOrientations_iPhone = "UIInterfaceOrientationPortrait UIInterfaceOrientationLandscapeLeft UIInterfaceOrientationLandscapeRight";
				LD_RUNPATH_SEARCH_PATHS = (
					"$(inherited)",
					"@executable_path/Frameworks",
				);
				MARKETING_VERSION = 1.0;
				PRODUCT_BUNDLE_IDENTIFIER = com.salmanburhan.ParkCSUSM;
				PRODUCT_NAME = "$(TARGET_NAME)";
				SWIFT_EMIT_LOC_STRINGS = YES;
				SWIFT_VERSION = 5.0;
				TARGETED_DEVICE_FAMILY = "1,2";
			};
			name = Release;
		};
/* End XCBuildConfiguration section */

/* Begin XCConfigurationList section */
		B510BFFE2B01FBEB001DB2CF /* Build configuration list for PBXProject "ParkCSUSM" */ = {
			isa = XCConfigurationList;
			buildConfigurations = (
				B510C00F2B01FBEC001DB2CF /* Debug */,
				B510C0102B01FBEC001DB2CF /* Release */,
			);
			defaultConfigurationIsVisible = 0;
			defaultConfigurationName = Release;
		};
		B510C0112B01FBEC001DB2CF /* Build configuration list for PBXNativeTarget "ParkCSUSM" */ = {
			isa = XCConfigurationList;
			buildConfigurations = (
				B510C0122B01FBEC001DB2CF /* Debug */,
				B510C0132B01FBEC001DB2CF /* Release */,
			);
			defaultConfigurationIsVisible = 0;
			defaultConfigurationName = Release;
		};
/* End XCConfigurationList section */
	};
	rootObject = B510BFFB2B01FBEB001DB2CF /* Project object */;
}
